{
    "_readme": [
        "This file locks the dependencies of your project to a known state",
        "Read more about it at https://getcomposer.org/doc/01-basic-usage.md#installing-dependencies",
        "This file is @generated automatically"
    ],
    "content-hash": "11b99a366404ccced1ee136014f18405",
    "packages": [
        {
            "name": "jkauflin/jjkgallery",
            "version": "v2.1.0",
            "source": {
                "type": "git",
                "url": "https://github.com/jkauflin/MediaGallery.git",
                "reference": "45db230e8b9d29b28d977dec26fd19fc516eeb4c"
            },
            "dist": {
                "type": "zip",
                "url": "https://api.github.com/repos/jkauflin/MediaGallery/zipball/45db230e8b9d29b28d977dec26fd19fc516eeb4c",
                "reference": "45db230e8b9d29b28d977dec26fd19fc516eeb4c",
                "shasum": ""
            },
            "type": "project",
            "autoload": {
                "psr-4": {
                    "jkauflin\\jjkgallery\\": "/"
                }
            },
            "notification-url": "https://packagist.org/downloads/",
            "license": [
                "MIT"
            ],
            "authors": [
                {
                    "name": "John J Kauflin",
                    "email": "johnkauflin@gmail.com"
                }
            ],
            "description": "Web Media Gallery display for photos, videos, music, and docs",
            "support": {
                "issues": "https://github.com/jkauflin/MediaGallery/issues",
                "source": "https://github.com/jkauflin/MediaGallery/tree/v2.1.0"
            },
            "time": "2022-06-25T18:54:36+00:00"
        }
    ],
    "packages-dev": [],
    "aliases": [],
    "minimum-stability": "stable",
    "stability-flags": [],
    "prefer-stable": false,
    "prefer-lowest": false,
    "platform": [],
    "platform-dev": [],
    "plugin-api-version": "2.2.0"
}
